version = 1
revision = 1
requires-python = ">=3.13"

[[package]]
name = "astroid"
version = "3.3.8"
source = { registry = "https://pypi.org/simple" }
sdist = { url = "https://files.pythonhosted.org/packages/80/c5/5c83c48bbf547f3dd8b587529db7cf5a265a3368b33e85e76af8ff6061d3/astroid-3.3.8.tar.gz", hash = "sha256:a88c7994f914a4ea8572fac479459f4955eeccc877be3f2d959a33273b0cf40b", size = 398196 }
wheels = [
    { url = "https://files.pythonhosted.org/packages/07/28/0bc8a17d6cd4cc3c79ae41b7105a2b9a327c110e5ddd37a8a27b29a5c8a2/astroid-3.3.8-py3-none-any.whl", hash = "sha256:187ccc0c248bfbba564826c26f070494f7bc964fd286b6d9fff4420e55de828c", size = 275153 },
]

[[package]]
name = "deal"
version = "4.24.4"
source = { registry = "https://pypi.org/simple" }
sdist = { url = "https://files.pythonhosted.org/packages/2b/7f/50dc3e77b4bb4ea0164f8e09204b263de3ce7d2f206cd8ee8bc49a9a956b/deal-4.24.4.tar.gz", hash = "sha256:0470af54234cebc760346f4be1a6fdaeefe0215fc58efd630cd4b2d193e4e82e", size = 724356 }
wheels = [
    { url = "https://files.pythonhosted.org/packages/7b/cf/4c27b6c1afc6320c79c3db756e54f337ba0c36c243a16c2c1ea54d61e8d1/deal-4.24.4-py3-none-any.whl", hash = "sha256:7fa4139296843fc16e5b8edd49b9a379d829113b1b4bdab0d8a7374cc826e031", size = 206879 },
]

[[package]]
name = "deal-solver"
version = "0.1.2"
source = { registry = "https://pypi.org/simple" }
dependencies = [
    { name = "astroid" },
    { name = "z3-solver" },
]
sdist = { url = "https://files.pythonhosted.org/packages/6c/47/af5b3cb61f455d8102a6af1e5b11ef515e0073d0ec9a3cc0218ac87e6fba/deal_solver-0.1.2.tar.gz", hash = "sha256:7feac330346fd28f41b04ad62da9b1f1419aa7d9e37eaa4e5098de9ff2d5d66f", size = 46788 }
wheels = [
    { url = "https://files.pythonhosted.org/packages/8e/7f/7716ba99fd0199a6c33d12ae537866da4dcabc61668091875a10343b8b41/deal_solver-0.1.2-py3-none-any.whl", hash = "sha256:0d657a28368acd416f4031d3f42a86cc7db1b6ce3c08621e9895c6f41a85f3ec", size = 47958 },
]

[[package]]
name = "fv-ai-codegen"
version = "0.1.0"
source = { virtual = "." }
dependencies = [
    { name = "deal" },
    { name = "deal-solver" },
    { name = "numpy" },
]

[package.metadata]
requires-dist = [
    { name = "deal", specifier = ">=4.24.4" },
    { name = "deal-solver", specifier = ">=0.1.2" },
    { name = "numpy", specifier = ">=2.2.3" },
]

[[package]]
name = "numpy"
version = "2.2.3"
source = { registry = "https://pypi.org/simple" }
sdist = { url = "https://files.pythonhosted.org/packages/fb/90/8956572f5c4ae52201fdec7ba2044b2c882832dcec7d5d0922c9e9acf2de/numpy-2.2.3.tar.gz", hash = "sha256:dbdc15f0c81611925f382dfa97b3bd0bc2c1ce19d4fe50482cb0ddc12ba30020", size = 20262700 }
wheels = [
    { url = "https://files.pythonhosted.org/packages/0e/8b/88b98ed534d6a03ba8cddb316950fe80842885709b58501233c29dfa24a9/numpy-2.2.3-cp313-cp313-macosx_10_13_x86_64.whl", hash = "sha256:7bfdb06b395385ea9b91bf55c1adf1b297c9fdb531552845ff1d3ea6e40d5aba", size = 20916001 },
    { url = "https://files.pythonhosted.org/packages/d9/b4/def6ec32c725cc5fbd8bdf8af80f616acf075fe752d8a23e895da8c67b70/numpy-2.2.3-cp313-cp313-macosx_11_0_arm64.whl", hash = "sha256:23c9f4edbf4c065fddb10a4f6e8b6a244342d95966a48820c614891e5059bb50", size = 14130721 },
    { url = "https://files.pythonhosted.org/packages/20/60/70af0acc86495b25b672d403e12cb25448d79a2b9658f4fc45e845c397a8/numpy-2.2.3-cp313-cp313-macosx_14_0_arm64.whl", hash = "sha256:a0c03b6be48aaf92525cccf393265e02773be8fd9551a2f9adbe7db1fa2b60f1", size = 5130999 },
    { url = "https://files.pythonhosted.org/packages/2e/69/d96c006fb73c9a47bcb3611417cf178049aae159afae47c48bd66df9c536/numpy-2.2.3-cp313-cp313-macosx_14_0_x86_64.whl", hash = "sha256:2376e317111daa0a6739e50f7ee2a6353f768489102308b0d98fcf4a04f7f3b5", size = 6665299 },
    { url = "https://files.pythonhosted.org/packages/5a/3f/d8a877b6e48103733ac224ffa26b30887dc9944ff95dffdfa6c4ce3d7df3/numpy-2.2.3-cp313-cp313-manylinux_2_17_aarch64.manylinux2014_aarch64.whl", hash = "sha256:8fb62fe3d206d72fe1cfe31c4a1106ad2b136fcc1606093aeab314f02930fdf2", size = 14064096 },
    { url = "https://files.pythonhosted.org/packages/e4/43/619c2c7a0665aafc80efca465ddb1f260287266bdbdce517396f2f145d49/numpy-2.2.3-cp313-cp313-manylinux_2_17_x86_64.manylinux2014_x86_64.whl", hash = "sha256:52659ad2534427dffcc36aac76bebdd02b67e3b7a619ac67543bc9bfe6b7cdb1", size = 16114758 },
    { url = "https://files.pythonhosted.org/packages/d9/79/ee4fe4f60967ccd3897aa71ae14cdee9e3c097e3256975cc9575d393cb42/numpy-2.2.3-cp313-cp313-musllinux_1_2_aarch64.whl", hash = "sha256:1b416af7d0ed3271cad0f0a0d0bee0911ed7eba23e66f8424d9f3dfcdcae1304", size = 15259880 },
    { url = "https://files.pythonhosted.org/packages/fb/c8/8b55cf05db6d85b7a7d414b3d1bd5a740706df00bfa0824a08bf041e52ee/numpy-2.2.3-cp313-cp313-musllinux_1_2_x86_64.whl", hash = "sha256:1402da8e0f435991983d0a9708b779f95a8c98c6b18a171b9f1be09005e64d9d", size = 17876721 },
    { url = "https://files.pythonhosted.org/packages/21/d6/b4c2f0564b7dcc413117b0ffbb818d837e4b29996b9234e38b2025ed24e7/numpy-2.2.3-cp313-cp313-win32.whl", hash = "sha256:136553f123ee2951bfcfbc264acd34a2fc2f29d7cdf610ce7daf672b6fbaa693", size = 6290195 },
    { url = "https://files.pythonhosted.org/packages/97/e7/7d55a86719d0de7a6a597949f3febefb1009435b79ba510ff32f05a8c1d7/numpy-2.2.3-cp313-cp313-win_amd64.whl", hash = "sha256:5b732c8beef1d7bc2d9e476dbba20aaff6167bf205ad9aa8d30913859e82884b", size = 12619013 },
    { url = "https://files.pythonhosted.org/packages/a6/1f/0b863d5528b9048fd486a56e0b97c18bf705e88736c8cea7239012119a54/numpy-2.2.3-cp313-cp313t-macosx_10_13_x86_64.whl", hash = "sha256:435e7a933b9fda8126130b046975a968cc2d833b505475e588339e09f7672890", size = 20944621 },
    { url = "https://files.pythonhosted.org/packages/aa/99/b478c384f7a0a2e0736177aafc97dc9152fc036a3fdb13f5a3ab225f1494/numpy-2.2.3-cp313-cp313t-macosx_11_0_arm64.whl", hash = "sha256:7678556eeb0152cbd1522b684dcd215250885993dd00adb93679ec3c0e6e091c", size = 14142502 },
    { url = "https://files.pythonhosted.org/packages/fb/61/2d9a694a0f9cd0a839501d362de2a18de75e3004576a3008e56bdd60fcdb/numpy-2.2.3-cp313-cp313t-macosx_14_0_arm64.whl", hash = "sha256:2e8da03bd561504d9b20e7a12340870dfc206c64ea59b4cfee9fceb95070ee94", size = 5176293 },
    { url = "https://files.pythonhosted.org/packages/33/35/51e94011b23e753fa33f891f601e5c1c9a3d515448659b06df9d40c0aa6e/numpy-2.2.3-cp313-cp313t-macosx_14_0_x86_64.whl", hash = "sha256:c9aa4496fd0e17e3843399f533d62857cef5900facf93e735ef65aa4bbc90ef0", size = 6691874 },
    { url = "https://files.pythonhosted.org/packages/ff/cf/06e37619aad98a9d03bd8d65b8e3041c3a639be0f5f6b0a0e2da544538d4/numpy-2.2.3-cp313-cp313t-manylinux_2_17_aarch64.manylinux2014_aarch64.whl", hash = "sha256:f4ca91d61a4bf61b0f2228f24bbfa6a9facd5f8af03759fe2a655c50ae2c6610", size = 14036826 },
    { url = "https://files.pythonhosted.org/packages/0c/93/5d7d19955abd4d6099ef4a8ee006f9ce258166c38af259f9e5558a172e3e/numpy-2.2.3-cp313-cp313t-manylinux_2_17_x86_64.manylinux2014_x86_64.whl", hash = "sha256:deaa09cd492e24fd9b15296844c0ad1b3c976da7907e1c1ed3a0ad21dded6f76", size = 16096567 },
    { url = "https://files.pythonhosted.org/packages/af/53/d1c599acf7732d81f46a93621dab6aa8daad914b502a7a115b3f17288ab2/numpy-2.2.3-cp313-cp313t-musllinux_1_2_aarch64.whl", hash = "sha256:246535e2f7496b7ac85deffe932896a3577be7af8fb7eebe7146444680297e9a", size = 15242514 },
    { url = "https://files.pythonhosted.org/packages/53/43/c0f5411c7b3ea90adf341d05ace762dad8cb9819ef26093e27b15dd121ac/numpy-2.2.3-cp313-cp313t-musllinux_1_2_x86_64.whl", hash = "sha256:daf43a3d1ea699402c5a850e5313680ac355b4adc9770cd5cfc2940e7861f1bf", size = 17872920 },
    { url = "https://files.pythonhosted.org/packages/5b/57/6dbdd45ab277aff62021cafa1e15f9644a52f5b5fc840bc7591b4079fb58/numpy-2.2.3-cp313-cp313t-win32.whl", hash = "sha256:cf802eef1f0134afb81fef94020351be4fe1d6681aadf9c5e862af6602af64ef", size = 6346584 },
    { url = "https://files.pythonhosted.org/packages/97/9b/484f7d04b537d0a1202a5ba81c6f53f1846ae6c63c2127f8df869ed31342/numpy-2.2.3-cp313-cp313t-win_amd64.whl", hash = "sha256:aee2512827ceb6d7f517c8b85aa5d3923afe8fc7a57d028cffcd522f1c6fd082", size = 12706784 },
]

[[package]]
name = "z3-solver"
version = "4.14.0.0"
source = { registry = "https://pypi.org/simple" }
sdist = { url = "https://files.pythonhosted.org/packages/cb/8b/c385362484c86e9444b9d3926da60b0bff4ab148f046f5493a7d6d20a1c9/z3_solver-4.14.0.0.tar.gz", hash = "sha256:83736086dc73f6309a7bb9e45e6a0b6b73de8510b606247b366038f5f40899b4", size = 5026610 }
wheels = [
    { url = "https://files.pythonhosted.org/packages/42/27/d795594c75870d767a30664ed50475fdff82e8f5fa2cbae4d4624a4768de/z3_solver-4.14.0.0-py3-none-macosx_13_0_arm64.whl", hash = "sha256:899d61e9ed2bb8b3516307e07cd195abcec1aa6c7e24e18902864fbc54c9f2e3", size = 37560585 },
    { url = "https://files.pythonhosted.org/packages/10/31/211b07cd791739dc317b4ad041125762a2c96d01b4fa0fa2d81525caf953/z3_solver-4.14.0.0-py3-none-macosx_13_0_x86_64.whl", hash = "sha256:3c505692caa21925c9be65ccc168535e51f5a241ddda9f8a7ee1c0ae26f8fcfd", size = 40395869 },
    { url = "https://files.pythonhosted.org/packages/3b/1a/40cee62185039b1ed88de1d259dfbd803b9ae71b36f8c655e662a07de1d7/z3_solver-4.14.0.0-py3-none-manylinux_2_17_x86_64.manylinux2014_x86_64.whl", hash = "sha256:76415f15d3eec998be99bba181c43d33435c0e4b123f20cc16cb33a0504c303e", size = 29483724 },
    { url = "https://files.pythonhosted.org/packages/99/de/2b6e2d6b3ad1b298943b5685443fdfdc5893cf481d764ed31f6e1c99cb8d/z3_solver-4.14.0.0-py3-none-manylinux_2_34_aarch64.whl", hash = "sha256:855bd6936411616fab9427569d730c566f3b1cac4e3856311f396def82c5f52a", size = 27488232 },
    { url = "https://files.pythonhosted.org/packages/02/48/0a787296e40b58d3224b016a5e43cba9bd9d5a8fd58e6e8571674e76d7e0/z3_solver-4.14.0.0-py3-none-win32.whl", hash = "sha256:c10f899c6a876e3a50e9b2c4927604c2c3da3cca672b8ed3b7db1bc97259e47f", size = 13334691 },
    { url = "https://files.pythonhosted.org/packages/4a/ee/e254ced1ac6be404017f3be0e6dae938cab685f368dea27a90910c8bb372/z3_solver-4.14.0.0-py3-none-win_amd64.whl", hash = "sha256:e6ae32bc1cf4d25b96f790755d790a23118e8a09b9b6060e32238fe6ff43606d", size = 16401878 },
]
